{
	"name": "Project",
	"lockfileVersion": 2,
	"requires": true,
	"packages": {
		"": {
			"dependencies": {
				"advanced-calculator": "^1.1.0"
			}
		},
		"node_modules/advanced-calculator": {
			"version": "1.1.0",
			"resolved": "https://registry.npmjs.org/advanced-calculator/-/advanced-calculator-1.1.0.tgz",
			"integrity": "sha512-70KWtmGs0i2y+qCZB7VdqLSHhpwDn7iWcS2BmN+qOOq4SpBaW64/9GDZRNul0uh4RXa/sR9Ya/k/KNVA0K9Www=="
		}
	},
	"dependencies": {
		"advanced-calculator": {
			"version": "1.1.0",
			"resolved": "https://registry.npmjs.org/advanced-calculator/-/advanced-calculator-1.1.0.tgz",
			"integrity": "sha512-70KWtmGs0i2y+qCZB7VdqLSHhpwDn7iWcS2BmN+qOOq4SpBaW64/9GDZRNul0uh4RXa/sR9Ya/k/KNVA0K9Www=="
		}
	}
}
